
Microsoft Visual Studio Solution File, Format Version 12.00
# Visual Studio 15
Project("{FAE04EC0-301F-11D3-BF4B-00C04F79EFBC}") = "Assembly-CSharp", "Assembly-CSharp.csproj", "{4FF61333-C79B-9C68-C0A8-040B78F8135B}"
EndProject
Project("{FAE04EC0-301F-11D3-BF4B-00C04F79EFBC}") = "Assembly-CSharp-Editor", "Assembly-CSharp-Editor.csproj", "{021CD82D-A6DD-299A-90AF-1C2D4CDAA0E4}"
EndProject
Global
	GlobalSection(SolutionConfigurationPlatforms) = preSolution
		Debug|Any CPU = Debug|Any CPU
		Release|Any CPU = Release|Any CPU
	EndGlobalSection
	GlobalSection(ProjectConfigurationPlatforms) = postSolution
		{4FF61333-C79B-9C68-C0A8-040B78F8135B}.Debug|Any CPU.ActiveCfg = Debug|Any CPU
		{4FF61333-C79B-9C68-C0A8-040B78F8135B}.Debug|Any CPU.Build.0 = Debug|Any CPU
		{4FF61333-C79B-9C68-C0A8-040B78F8135B}.Release|Any CPU.ActiveCfg = Release|Any CPU
		{4FF61333-C79B-9C68-C0A8-040B78F8135B}.Release|Any CPU.Build.0 = Release|Any CPU
		{021CD82D-A6DD-299A-90AF-1C2D4CDAA0E4}.Debug|Any CPU.ActiveCfg = Debug|Any CPU
		{021CD82D-A6DD-299A-90AF-1C2D4CDAA0E4}.Debug|Any CPU.Build.0 = Debug|Any CPU
		{021CD82D-A6DD-299A-90AF-1C2D4CDAA0E4}.Release|Any CPU.ActiveCfg = Release|Any CPU
		{021CD82D-A6DD-299A-90AF-1C2D4CDAA0E4}.Release|Any CPU.Build.0 = Release|Any CPU
	EndGlobalSection
	GlobalSection(SolutionProperties) = preSolution
		HideSolutionNode = FALSE
	EndGlobalSection
EndGlobal
