
Microsoft Visual Studio Solution File, Format Version 12.00
# Visual Studio 15
Project("{FAE04EC0-301F-11D3-BF4B-00C04F79EFBC}") = "Assembly-CSharp", "Assembly-CSharp.csproj", "{09432D2F-4527-E830-8BFC-6B5C1D83D2F8}"
EndProject
Project("{FAE04EC0-301F-11D3-BF4B-00C04F79EFBC}") = "Assembly-CSharp-Editor", "Assembly-CSharp-Editor.csproj", "{ED7C3C75-B2DF-D977-E1E6-94059837B717}"
EndProject
Global
	GlobalSection(SolutionConfigurationPlatforms) = preSolution
		Debug|Any CPU = Debug|Any CPU
		Release|Any CPU = Release|Any CPU
	EndGlobalSection
	GlobalSection(ProjectConfigurationPlatforms) = postSolution
		{09432D2F-4527-E830-8BFC-6B5C1D83D2F8}.Debug|Any CPU.ActiveCfg = Debug|Any CPU
		{09432D2F-4527-E830-8BFC-6B5C1D83D2F8}.Debug|Any CPU.Build.0 = Debug|Any CPU
		{09432D2F-4527-E830-8BFC-6B5C1D83D2F8}.Release|Any CPU.ActiveCfg = Release|Any CPU
		{09432D2F-4527-E830-8BFC-6B5C1D83D2F8}.Release|Any CPU.Build.0 = Release|Any CPU
		{ED7C3C75-B2DF-D977-E1E6-94059837B717}.Debug|Any CPU.ActiveCfg = Debug|Any CPU
		{ED7C3C75-B2DF-D977-E1E6-94059837B717}.Debug|Any CPU.Build.0 = Debug|Any CPU
		{ED7C3C75-B2DF-D977-E1E6-94059837B717}.Release|Any CPU.ActiveCfg = Release|Any CPU
		{ED7C3C75-B2DF-D977-E1E6-94059837B717}.Release|Any CPU.Build.0 = Release|Any CPU
	EndGlobalSection
	GlobalSection(SolutionProperties) = preSolution
		HideSolutionNode = FALSE
	EndGlobalSection
EndGlobal
